{
  "nodes": {
    "flake-utils": {
      "locked": {
        "lastModified": 1644229661,
        "narHash": "sha256-1YdnJAsNy69bpcjuoKdOYQX0YxZBiCYZo4Twxerqv7k=",
        "owner": "numtide",
        "repo": "flake-utils",
        "rev": "3cecb5b042f7f209c56ffd8371b2711a290ec797",
        "type": "github"
      },
      "original": {
        "owner": "numtide",
        "repo": "flake-utils",
        "type": "github"
      }
    },
    "neovim": {
      "inputs": {
        "flake-utils": "flake-utils",
        "nixpkgs": "nixpkgs"
      },
      "locked": {
        "dir": "contrib",
        "lastModified": 1661792954,
        "narHash": "sha256-uj69P0xl4GfrWCswRqJadqqbZzEMS2ozdYVbhDbtODE=",
        "owner": "neovim",
        "repo": "neovim",
        "rev": "efacb6e974fa6391bcc916749103f04fa9b9f6f7",
        "type": "github"
      },
      "original": {
        "dir": "contrib",
        "owner": "neovim",
        "ref": "master",
        "repo": "neovim",
        "type": "github"
      }
    },
    "nixpkgs": {
      "locked": {
        "lastModified": 1646254136,
        "narHash": "sha256-8nQx02tTzgYO21BP/dy5BCRopE8OwE8Drsw98j+Qoaw=",
        "owner": "nixos",
        "repo": "nixpkgs",
        "rev": "3e072546ea98db00c2364b81491b893673267827",
        "type": "github"
      },
      "original": {
        "owner": "nixos",
        "ref": "nixos-unstable",
        "repo": "nixpkgs",
        "type": "github"
      }
    },
    "nixpkgs-unstable": {
      "locked": {
        "lastModified": 1661353537,
        "narHash": "sha256-1E2IGPajOsrkR49mM5h55OtYnU0dGyre6gl60NXKITE=",
        "owner": "nixos",
        "repo": "nixpkgs",
        "rev": "0e304ff0d9db453a4b230e9386418fd974d5804a",
        "type": "github"
      },
      "original": {
        "owner": "nixos",
        "ref": "nixpkgs-unstable",
        "repo": "nixpkgs",
        "type": "github"
      }
    },
    "root": {
      "inputs": {
        "neovim": "neovim",
        "nixpkgs-unstable": "nixpkgs-unstable"
      }
    }
  },
  "root": "root",
  "version": 7
}
