{
  "nodes": {
    "nixpkgs": {
      "locked": {
        "lastModified": 1603030259,
        "narHash": "sha256-McbYPtKeuKB9Sr++JIMSpWOQpiaTPnVUit/dLWahUA4=",
        "owner": "NixOS",
        "repo": "nixpkgs",
        "rev": "07fef1bea1e383bf4d81f08d79fdca8f3bfe344c",
        "type": "github"
      },
      "original": {
        "id": "nixpkgs",
        "type": "indirect"
      }
    },
    "root": {
      "inputs": {
        "nixpkgs": "nixpkgs"
      }
    }
  },
  "root": "root",
  "version": 7
}
